Microsoft Visual Studio Solution File, Format Version 11.00
# Visual Studio 2008

Project("{586B8A2C-2FF7-4645-3CF9-13BA6CDBD120}") = "Ortal v0.2", "Assembly-CSharp-firstpass.csproj", "{1AD9B6DD-383B-F7BA-2CD9-78BCF7663605}"
EndProject
Project("{586B8A2C-2FF7-4645-3CF9-13BA6CDBD120}") = "Ortal v0.2", "Assembly-UnityScript-firstpass.unityproj", "{6ACDD856-096A-D592-7CA6-2C0AFC62BE09}"
EndProject
Project("{586B8A2C-2FF7-4645-3CF9-13BA6CDBD120}") = "Ortal v0.2", "Assembly-UnityScript.unityproj", "{E065E2EC-DCB7-1199-4675-B85735BD4DD3}"
EndProject
Global
	GlobalSection(SolutionConfigurationPlatforms) = preSolution
		Debug|Any CPU = Debug|Any CPU
		Release|Any CPU = Release|Any CPU
	EndGlobalSection
	GlobalSection(ProjectConfigurationPlatforms) = postSolution
		{1AD9B6DD-383B-F7BA-2CD9-78BCF7663605}.Debug|Any CPU.ActiveCfg = Debug|Any CPU
		{1AD9B6DD-383B-F7BA-2CD9-78BCF7663605}.Debug|Any CPU.Build.0 = Debug|Any CPU
		{1AD9B6DD-383B-F7BA-2CD9-78BCF7663605}.Release|Any CPU.ActiveCfg = Release|Any CPU
		{1AD9B6DD-383B-F7BA-2CD9-78BCF7663605}.Release|Any CPU.Build.0 = Release|Any CPU
		{6ACDD856-096A-D592-7CA6-2C0AFC62BE09}.Debug|Any CPU.ActiveCfg = Debug|Any CPU
		{6ACDD856-096A-D592-7CA6-2C0AFC62BE09}.Debug|Any CPU.Build.0 = Debug|Any CPU
		{6ACDD856-096A-D592-7CA6-2C0AFC62BE09}.Release|Any CPU.ActiveCfg = Release|Any CPU
		{6ACDD856-096A-D592-7CA6-2C0AFC62BE09}.Release|Any CPU.Build.0 = Release|Any CPU
		{E065E2EC-DCB7-1199-4675-B85735BD4DD3}.Debug|Any CPU.ActiveCfg = Debug|Any CPU
		{E065E2EC-DCB7-1199-4675-B85735BD4DD3}.Debug|Any CPU.Build.0 = Debug|Any CPU
		{E065E2EC-DCB7-1199-4675-B85735BD4DD3}.Release|Any CPU.ActiveCfg = Release|Any CPU
		{E065E2EC-DCB7-1199-4675-B85735BD4DD3}.Release|Any CPU.Build.0 = Release|Any CPU
	EndGlobalSection
	GlobalSection(SolutionProperties) = preSolution
		HideSolutionNode = FALSE
	EndGlobalSection
														GlobalSection(MonoDevelopProperties) = preSolution
		StartupItem = Assembly-CSharp.csproj
		Policies = $0
		$0.TextStylePolicy = $1
		$1.inheritsSet = null
		$1.scope = text/x-csharp
		$0.CSharpFormattingPolicy = $2
		$2.inheritsSet = Mono
		$2.inheritsScope = text/x-csharp
		$2.scope = text/x-csharp
		$0.TextStylePolicy = $3
		$3.FileWidth = 120
		$3.TabWidth = 4
		$3.EolMarker = Unix
		$3.inheritsSet = Mono
		$3.inheritsScope = text/plain
		$3.scope = text/plain
	EndGlobalSection

EndGlobal
